// !$*UTF8*$!
{
	archiveVersion = 1;
	classes = {
	};
	objectVersion = 51;
	objects = {

/* Begin PBXBuildFile section */
		0B1642FC25F4DED3001FCD85 /* AppDelegate.swift in Sources */ = {isa = PBXBuildFile; fileRef = 0B1642FB25F4DED3001FCD85 /* AppDelegate.swift */; };
		0B16430325F4DED3001FCD85 /* Main.storyboard in Resources */ = {isa = PBXBuildFile; fileRef = 0B16430125F4DED3001FCD85 /* Main.storyboard */; };
		0B16430525F4DED4001FCD85 /* Assets.xcassets in Resources */ = {isa = PBXBuildFile; fileRef = 0B16430425F4DED4001FCD85 /* Assets.xcassets */; };
		0B16430825F4DED4001FCD85 /* LaunchScreen.storyboard in Resources */ = {isa = PBXBuildFile; fileRef = 0B16430625F4DED4001FCD85 /* LaunchScreen.storyboard */; };
		0B16431325F4DED5001FCD85 /* marvelheroesTests.swift in Sources */ = {isa = PBXBuildFile; fileRef = 0B16431225F4DED5001FCD85 /* marvelheroesTests.swift */; };
		0B16431E25F4DED5001FCD85 /* marvelheroesUITests.swift in Sources */ = {isa = PBXBuildFile; fileRef = 0B16431D25F4DED5001FCD85 /* marvelheroesUITests.swift */; };
		0B16434425F4EAEC001FCD85 /* BasicPresenter.swift in Sources */ = {isa = PBXBuildFile; fileRef = 0B16434325F4EAEC001FCD85 /* BasicPresenter.swift */; };
		0B16434D25F4EB7B001FCD85 /* BasicPresenterProtocol.swift in Sources */ = {isa = PBXBuildFile; fileRef = 0B16434C25F4EB7B001FCD85 /* BasicPresenterProtocol.swift */; };
		0B16435225F4EBCC001FCD85 /* BasicViewProtocol.swift in Sources */ = {isa = PBXBuildFile; fileRef = 0B16435125F4EBCC001FCD85 /* BasicViewProtocol.swift */; };
		0B16435725F4EC9F001FCD85 /* BasicBuilderProtocol.swift in Sources */ = {isa = PBXBuildFile; fileRef = 0B16435625F4EC9F001FCD85 /* BasicBuilderProtocol.swift */; };
		0B16435C25F4F063001FCD85 /* BasicRouterProtocol.swift in Sources */ = {isa = PBXBuildFile; fileRef = 0B16435B25F4F063001FCD85 /* BasicRouterProtocol.swift */; };
		0B16436225F4F0B2001FCD85 /* BasicViewController.swift in Sources */ = {isa = PBXBuildFile; fileRef = 0B16436125F4F0B2001FCD85 /* BasicViewController.swift */; };
		0B16436925F4F182001FCD85 /* Transition.swift in Sources */ = {isa = PBXBuildFile; fileRef = 0B16436825F4F182001FCD85 /* Transition.swift */; };
		0B16437225F4F3B0001FCD85 /* BasicRouter.swift in Sources */ = {isa = PBXBuildFile; fileRef = 0B16437125F4F3B0001FCD85 /* BasicRouter.swift */; };
		0B16437D25F4F625001FCD85 /* StoryboardHandler.swift in Sources */ = {isa = PBXBuildFile; fileRef = 0B16437C25F4F625001FCD85 /* StoryboardHandler.swift */; };
		0B16438325F4F6FA001FCD85 /* HomeBuilder.swift in Sources */ = {isa = PBXBuildFile; fileRef = 0B16438225F4F6FA001FCD85 /* HomeBuilder.swift */; };
		0B16438B25F4F748001FCD85 /* HomeViewController.swift in Sources */ = {isa = PBXBuildFile; fileRef = 0B16438A25F4F748001FCD85 /* HomeViewController.swift */; };
		0B16439325F4F86B001FCD85 /* HomePresenter.swift in Sources */ = {isa = PBXBuildFile; fileRef = 0B16439225F4F86B001FCD85 /* HomePresenter.swift */; };
		0B16439825F4F8F1001FCD85 /* HomeRouter.swift in Sources */ = {isa = PBXBuildFile; fileRef = 0B16439725F4F8F1001FCD85 /* HomeRouter.swift */; };
		0B16439F25F502FA001FCD85 /* ServerManager.swift in Sources */ = {isa = PBXBuildFile; fileRef = 0B16439E25F502FA001FCD85 /* ServerManager.swift */; };
		0B1643A725F52E41001FCD85 /* BasicDataManager.swift in Sources */ = {isa = PBXBuildFile; fileRef = 0B1643A625F52E41001FCD85 /* BasicDataManager.swift */; };
		0B1643B025F52EA1001FCD85 /* Constants.swift in Sources */ = {isa = PBXBuildFile; fileRef = 0B1643AF25F52EA1001FCD85 /* Constants.swift */; };
		0B1643B925F52F40001FCD85 /* BasicServer.swift in Sources */ = {isa = PBXBuildFile; fileRef = 0B1643B825F52F40001FCD85 /* BasicServer.swift */; };
		0B1643C125F52F77001FCD85 /* BasicServerProtocol.swift in Sources */ = {isa = PBXBuildFile; fileRef = 0B1643C025F52F77001FCD85 /* BasicServerProtocol.swift */; };
		0B1643C625F52FD4001FCD85 /* ServerManagerErrorHandler.swift in Sources */ = {isa = PBXBuildFile; fileRef = 0B1643C525F52FD4001FCD85 /* ServerManagerErrorHandler.swift */; };
		0B1643CC25F5309E001FCD85 /* BaseResponse.swift in Sources */ = {isa = PBXBuildFile; fileRef = 0B1643CB25F5309E001FCD85 /* BaseResponse.swift */; };
		0B1643D425F530A8001FCD85 /* ResponseError.swift in Sources */ = {isa = PBXBuildFile; fileRef = 0B1643D325F530A8001FCD85 /* ResponseError.swift */; };
		0B1643DC25F53CF3001FCD85 /* MD5.swift in Sources */ = {isa = PBXBuildFile; fileRef = 0B1643DB25F53CF3001FCD85 /* MD5.swift */; };
		0B1643E225F541F4001FCD85 /* HomeDataManager.swift in Sources */ = {isa = PBXBuildFile; fileRef = 0B1643E125F541F4001FCD85 /* HomeDataManager.swift */; };
		0B1643E825F5420A001FCD85 /* HomeServer.swift in Sources */ = {isa = PBXBuildFile; fileRef = 0B1643E725F5420A001FCD85 /* HomeServer.swift */; };
		0B1643ED25F5431A001FCD85 /* HeroesServerManager.swift in Sources */ = {isa = PBXBuildFile; fileRef = 0B1643EC25F5431A001FCD85 /* HeroesServerManager.swift */; };
		0B2ECA2F25F7D946002EFA7F /* CharacterImageTableViewCell.swift in Sources */ = {isa = PBXBuildFile; fileRef = 0B2ECA2D25F7D946002EFA7F /* CharacterImageTableViewCell.swift */; };
		0B2ECA3025F7D946002EFA7F /* CharacterImageTableViewCell.xib in Resources */ = {isa = PBXBuildFile; fileRef = 0B2ECA2E25F7D946002EFA7F /* CharacterImageTableViewCell.xib */; };
		0B2ECA3625F7EA1B002EFA7F /* CharacterMediaTableViewCell.swift in Sources */ = {isa = PBXBuildFile; fileRef = 0B2ECA3425F7EA1B002EFA7F /* CharacterMediaTableViewCell.swift */; };
		0B2ECA3725F7EA1B002EFA7F /* CharacterMediaTableViewCell.xib in Resources */ = {isa = PBXBuildFile; fileRef = 0B2ECA3525F7EA1B002EFA7F /* CharacterMediaTableViewCell.xib */; };
		0B2ECA3D25F7EF14002EFA7F /* MediaButton.swift in Sources */ = {isa = PBXBuildFile; fileRef = 0B2ECA3C25F7EF14002EFA7F /* MediaButton.swift */; };
		0B2ECA4225F7F292002EFA7F /* StackViewExtension.swift in Sources */ = {isa = PBXBuildFile; fileRef = 0B2ECA4125F7F292002EFA7F /* StackViewExtension.swift */; };
		0B2ECA4725F7F779002EFA7F /* CustomAlertRoute.swift in Sources */ = {isa = PBXBuildFile; fileRef = 0B2ECA4625F7F779002EFA7F /* CustomAlertRoute.swift */; };
		0B2ECA4D25F7F7E8002EFA7F /* CustomAlertBuilder.swift in Sources */ = {isa = PBXBuildFile; fileRef = 0B2ECA4C25F7F7E8002EFA7F /* CustomAlertBuilder.swift */; };
		0B2ECA5625F7F85E002EFA7F /* CustomAlertRouter.swift in Sources */ = {isa = PBXBuildFile; fileRef = 0B2ECA5525F7F85E002EFA7F /* CustomAlertRouter.swift */; };
		0B90D01925F54C6400EA8AB1 /* CharactersResponseData.swift in Sources */ = {isa = PBXBuildFile; fileRef = 0B90D01825F54C6400EA8AB1 /* CharactersResponseData.swift */; };
		0B90D01F25F54CCB00EA8AB1 /* CharactersData.swift in Sources */ = {isa = PBXBuildFile; fileRef = 0B90D01E25F54CCB00EA8AB1 /* CharactersData.swift */; };
		0B90D02425F54D8100EA8AB1 /* Character.swift in Sources */ = {isa = PBXBuildFile; fileRef = 0B90D02325F54D8100EA8AB1 /* Character.swift */; };
		0B90D02F25F55A6900EA8AB1 /* LoadingOverlay.swift in Sources */ = {isa = PBXBuildFile; fileRef = 0B90D02E25F55A6900EA8AB1 /* LoadingOverlay.swift */; };
		0B90D03D25F566D900EA8AB1 /* CharacterDetailBuilder.swift in Sources */ = {isa = PBXBuildFile; fileRef = 0B90D03C25F566D900EA8AB1 /* CharacterDetailBuilder.swift */; };
		0B90D04225F5674000EA8AB1 /* CharacterDetailViewController.swift in Sources */ = {isa = PBXBuildFile; fileRef = 0B90D04125F5674000EA8AB1 /* CharacterDetailViewController.swift */; };
		0B90D04725F5675600EA8AB1 /* CharacterDetailPresenter.swift in Sources */ = {isa = PBXBuildFile; fileRef = 0B90D04625F5675600EA8AB1 /* CharacterDetailPresenter.swift */; };
		0B90D05825F569E300EA8AB1 /* CharacterDetailRouter.swift in Sources */ = {isa = PBXBuildFile; fileRef = 0B90D05725F569E300EA8AB1 /* CharacterDetailRouter.swift */; };
		0B90D05D25F56BB900EA8AB1 /* TransitionFactory.swift in Sources */ = {isa = PBXBuildFile; fileRef = 0B90D05C25F56BB900EA8AB1 /* TransitionFactory.swift */; };
		0B90D06225F56BE400EA8AB1 /* ModalTransition.swift in Sources */ = {isa = PBXBuildFile; fileRef = 0B90D06125F56BE400EA8AB1 /* ModalTransition.swift */; };
		0B90D06725F56C2500EA8AB1 /* PushTransition.swift in Sources */ = {isa = PBXBuildFile; fileRef = 0B90D06625F56C2500EA8AB1 /* PushTransition.swift */; };
		0B90D08925F6A0F800EA8AB1 /* CharacterCollectionViewCell.swift in Sources */ = {isa = PBXBuildFile; fileRef = 0B90D08725F6A0F800EA8AB1 /* CharacterCollectionViewCell.swift */; };
		0B90D08A25F6A0F800EA8AB1 /* CharacterCollectionViewCell.xib in Resources */ = {isa = PBXBuildFile; fileRef = 0B90D08825F6A0F800EA8AB1 /* CharacterCollectionViewCell.xib */; };
		0B90D09825F762F400EA8AB1 /* Image.swift in Sources */ = {isa = PBXBuildFile; fileRef = 0B90D09725F762F400EA8AB1 /* Image.swift */; };
		0B90D0A025F7847700EA8AB1 /* CharacterDetailRoute.swift in Sources */ = {isa = PBXBuildFile; fileRef = 0B90D09F25F7847700EA8AB1 /* CharacterDetailRoute.swift */; };
		0B90D0A625F78ECF00EA8AB1 /* UIViewControllerExtension.swift in Sources */ = {isa = PBXBuildFile; fileRef = 0B90D0A525F78ECF00EA8AB1 /* UIViewControllerExtension.swift */; };
		0B90D0AB25F7C8CF00EA8AB1 /* ItemList.swift in Sources */ = {isa = PBXBuildFile; fileRef = 0B90D0AA25F7C8CF00EA8AB1 /* ItemList.swift */; };
		0B90D0B025F7C99400EA8AB1 /* ItemSummary.swift in Sources */ = {isa = PBXBuildFile; fileRef = 0B90D0AF25F7C99400EA8AB1 /* ItemSummary.swift */; };
		0B90D0C025F7CCCA00EA8AB1 /* CharacterLinks.swift in Sources */ = {isa = PBXBuildFile; fileRef = 0B90D0BF25F7CCCA00EA8AB1 /* CharacterLinks.swift */; };
		0B90D0CA25F7D7E100EA8AB1 /* ListItemTableViewCell.swift in Sources */ = {isa = PBXBuildFile; fileRef = 0B90D0C825F7D7E100EA8AB1 /* ListItemTableViewCell.swift */; };
		0B90D0CB25F7D7E100EA8AB1 /* ListItemTableViewCell.xib in Resources */ = {isa = PBXBuildFile; fileRef = 0B90D0C925F7D7E100EA8AB1 /* ListItemTableViewCell.xib */; };
		8D698D80294AF53EF86A0649 /* Pods_marvelheroes.framework in Frameworks */ = {isa = PBXBuildFile; fileRef = 8ABDDF57A69DB8B49474B8C9 /* Pods_marvelheroes.framework */; };
/* End PBXBuildFile section */

/* Begin PBXContainerItemProxy section */
		0B16430F25F4DED5001FCD85 /* PBXContainerItemProxy */ = {
			isa = PBXContainerItemProxy;
			containerPortal = 0B1642F025F4DED3001FCD85 /* Project object */;
			proxyType = 1;
			remoteGlobalIDString = 0B1642F725F4DED3001FCD85;
			remoteInfo = marvelheroes;
		};
		0B16431A25F4DED5001FCD85 /* PBXContainerItemProxy */ = {
			isa = PBXContainerItemProxy;
			containerPortal = 0B1642F025F4DED3001FCD85 /* Project object */;
			proxyType = 1;
			remoteGlobalIDString = 0B1642F725F4DED3001FCD85;
			remoteInfo = marvelheroes;
		};
/* End PBXContainerItemProxy section */

/* Begin PBXFileReference section */
		0B1642F825F4DED3001FCD85 /* marvelheroes.app */ = {isa = PBXFileReference; explicitFileType = wrapper.application; includeInIndex = 0; path = marvelheroes.app; sourceTree = BUILT_PRODUCTS_DIR; };
		0B1642FB25F4DED3001FCD85 /* AppDelegate.swift */ = {isa = PBXFileReference; lastKnownFileType = sourcecode.swift; path = AppDelegate.swift; sourceTree = "<group>"; };
		0B16430225F4DED3001FCD85 /* Base */ = {isa = PBXFileReference; lastKnownFileType = file.storyboard; name = Base; path = Base.lproj/Main.storyboard; sourceTree = "<group>"; };
		0B16430425F4DED4001FCD85 /* Assets.xcassets */ = {isa = PBXFileReference; lastKnownFileType = folder.assetcatalog; path = Assets.xcassets; sourceTree = "<group>"; };
		0B16430725F4DED4001FCD85 /* Base */ = {isa = PBXFileReference; lastKnownFileType = file.storyboard; name = Base; path = Base.lproj/LaunchScreen.storyboard; sourceTree = "<group>"; };
		0B16430925F4DED4001FCD85 /* Info.plist */ = {isa = PBXFileReference; lastKnownFileType = text.plist.xml; path = Info.plist; sourceTree = "<group>"; };
		0B16430E25F4DED5001FCD85 /* marvelheroesTests.xctest */ = {isa = PBXFileReference; explicitFileType = wrapper.cfbundle; includeInIndex = 0; path = marvelheroesTests.xctest; sourceTree = BUILT_PRODUCTS_DIR; };
		0B16431225F4DED5001FCD85 /* marvelheroesTests.swift */ = {isa = PBXFileReference; lastKnownFileType = sourcecode.swift; path = marvelheroesTests.swift; sourceTree = "<group>"; };
		0B16431425F4DED5001FCD85 /* Info.plist */ = {isa = PBXFileReference; lastKnownFileType = text.plist.xml; path = Info.plist; sourceTree = "<group>"; };
		0B16431925F4DED5001FCD85 /* marvelheroesUITests.xctest */ = {isa = PBXFileReference; explicitFileType = wrapper.cfbundle; includeInIndex = 0; path = marvelheroesUITests.xctest; sourceTree = BUILT_PRODUCTS_DIR; };
		0B16431D25F4DED5001FCD85 /* marvelheroesUITests.swift */ = {isa = PBXFileReference; lastKnownFileType = sourcecode.swift; path = marvelheroesUITests.swift; sourceTree = "<group>"; };
		0B16431F25F4DED5001FCD85 /* Info.plist */ = {isa = PBXFileReference; lastKnownFileType = text.plist.xml; path = Info.plist; sourceTree = "<group>"; };
		0B16434325F4EAEC001FCD85 /* BasicPresenter.swift */ = {isa = PBXFileReference; lastKnownFileType = sourcecode.swift; path = BasicPresenter.swift; sourceTree = "<group>"; };
		0B16434C25F4EB7B001FCD85 /* BasicPresenterProtocol.swift */ = {isa = PBXFileReference; lastKnownFileType = sourcecode.swift; path = BasicPresenterProtocol.swift; sourceTree = "<group>"; };
		0B16435125F4EBCC001FCD85 /* BasicViewProtocol.swift */ = {isa = PBXFileReference; lastKnownFileType = sourcecode.swift; path = BasicViewProtocol.swift; sourceTree = "<group>"; };
		0B16435625F4EC9F001FCD85 /* BasicBuilderProtocol.swift */ = {isa = PBXFileReference; lastKnownFileType = sourcecode.swift; path = BasicBuilderProtocol.swift; sourceTree = "<group>"; };
		0B16435B25F4F063001FCD85 /* BasicRouterProtocol.swift */ = {isa = PBXFileReference; lastKnownFileType = sourcecode.swift; path = BasicRouterProtocol.swift; sourceTree = "<group>"; };
		0B16436125F4F0B2001FCD85 /* BasicViewController.swift */ = {isa = PBXFileReference; lastKnownFileType = sourcecode.swift; path = BasicViewController.swift; sourceTree = "<group>"; };
		0B16436825F4F182001FCD85 /* Transition.swift */ = {isa = PBXFileReference; lastKnownFileType = sourcecode.swift; path = Transition.swift; sourceTree = "<group>"; };
		0B16437125F4F3B0001FCD85 /* BasicRouter.swift */ = {isa = PBXFileReference; lastKnownFileType = sourcecode.swift; path = BasicRouter.swift; sourceTree = "<group>"; };
		0B16437C25F4F625001FCD85 /* StoryboardHandler.swift */ = {isa = PBXFileReference; lastKnownFileType = sourcecode.swift; path = StoryboardHandler.swift; sourceTree = "<group>"; };
		0B16438225F4F6FA001FCD85 /* HomeBuilder.swift */ = {isa = PBXFileReference; lastKnownFileType = sourcecode.swift; path = HomeBuilder.swift; sourceTree = "<group>"; };
		0B16438A25F4F748001FCD85 /* HomeViewController.swift */ = {isa = PBXFileReference; lastKnownFileType = sourcecode.swift; path = HomeViewController.swift; sourceTree = "<group>"; };
		0B16439225F4F86B001FCD85 /* HomePresenter.swift */ = {isa = PBXFileReference; lastKnownFileType = sourcecode.swift; path = HomePresenter.swift; sourceTree = "<group>"; };
		0B16439725F4F8F1001FCD85 /* HomeRouter.swift */ = {isa = PBXFileReference; lastKnownFileType = sourcecode.swift; path = HomeRouter.swift; sourceTree = "<group>"; };
		0B16439E25F502FA001FCD85 /* ServerManager.swift */ = {isa = PBXFileReference; lastKnownFileType = sourcecode.swift; path = ServerManager.swift; sourceTree = "<group>"; };
		0B1643A625F52E41001FCD85 /* BasicDataManager.swift */ = {isa = PBXFileReference; lastKnownFileType = sourcecode.swift; path = BasicDataManager.swift; sourceTree = "<group>"; };
		0B1643AF25F52EA1001FCD85 /* Constants.swift */ = {isa = PBXFileReference; lastKnownFileType = sourcecode.swift; path = Constants.swift; sourceTree = "<group>"; };
		0B1643B825F52F40001FCD85 /* BasicServer.swift */ = {isa = PBXFileReference; lastKnownFileType = sourcecode.swift; path = BasicServer.swift; sourceTree = "<group>"; };
		0B1643C025F52F77001FCD85 /* BasicServerProtocol.swift */ = {isa = PBXFileReference; lastKnownFileType = sourcecode.swift; path = BasicServerProtocol.swift; sourceTree = "<group>"; };
		0B1643C525F52FD4001FCD85 /* ServerManagerErrorHandler.swift */ = {isa = PBXFileReference; lastKnownFileType = sourcecode.swift; path = ServerManagerErrorHandler.swift; sourceTree = "<group>"; };
		0B1643CB25F5309E001FCD85 /* BaseResponse.swift */ = {isa = PBXFileReference; lastKnownFileType = sourcecode.swift; path = BaseResponse.swift; sourceTree = "<group>"; };
		0B1643D325F530A8001FCD85 /* ResponseError.swift */ = {isa = PBXFileReference; lastKnownFileType = sourcecode.swift; path = ResponseError.swift; sourceTree = "<group>"; };
		0B1643DB25F53CF3001FCD85 /* MD5.swift */ = {isa = PBXFileReference; lastKnownFileType = sourcecode.swift; path = MD5.swift; sourceTree = "<group>"; };
		0B1643E125F541F4001FCD85 /* HomeDataManager.swift */ = {isa = PBXFileReference; lastKnownFileType = sourcecode.swift; path = HomeDataManager.swift; sourceTree = "<group>"; };
		0B1643E725F5420A001FCD85 /* HomeServer.swift */ = {isa = PBXFileReference; lastKnownFileType = sourcecode.swift; path = HomeServer.swift; sourceTree = "<group>"; };
		0B1643EC25F5431A001FCD85 /* HeroesServerManager.swift */ = {isa = PBXFileReference; lastKnownFileType = sourcecode.swift; path = HeroesServerManager.swift; sourceTree = "<group>"; };
		0B2ECA2D25F7D946002EFA7F /* CharacterImageTableViewCell.swift */ = {isa = PBXFileReference; lastKnownFileType = sourcecode.swift; path = CharacterImageTableViewCell.swift; sourceTree = "<group>"; };
		0B2ECA2E25F7D946002EFA7F /* CharacterImageTableViewCell.xib */ = {isa = PBXFileReference; lastKnownFileType = file.xib; path = CharacterImageTableViewCell.xib; sourceTree = "<group>"; };
		0B2ECA3425F7EA1B002EFA7F /* CharacterMediaTableViewCell.swift */ = {isa = PBXFileReference; lastKnownFileType = sourcecode.swift; path = CharacterMediaTableViewCell.swift; sourceTree = "<group>"; };
		0B2ECA3525F7EA1B002EFA7F /* CharacterMediaTableViewCell.xib */ = {isa = PBXFileReference; lastKnownFileType = file.xib; path = CharacterMediaTableViewCell.xib; sourceTree = "<group>"; };
		0B2ECA3C25F7EF14002EFA7F /* MediaButton.swift */ = {isa = PBXFileReference; lastKnownFileType = sourcecode.swift; path = MediaButton.swift; sourceTree = "<group>"; };
		0B2ECA4125F7F292002EFA7F /* StackViewExtension.swift */ = {isa = PBXFileReference; lastKnownFileType = sourcecode.swift; path = StackViewExtension.swift; sourceTree = "<group>"; };
		0B2ECA4625F7F779002EFA7F /* CustomAlertRoute.swift */ = {isa = PBXFileReference; lastKnownFileType = sourcecode.swift; path = CustomAlertRoute.swift; sourceTree = "<group>"; };
		0B2ECA4C25F7F7E8002EFA7F /* CustomAlertBuilder.swift */ = {isa = PBXFileReference; lastKnownFileType = sourcecode.swift; path = CustomAlertBuilder.swift; sourceTree = "<group>"; };
		0B2ECA5525F7F85E002EFA7F /* CustomAlertRouter.swift */ = {isa = PBXFileReference; lastKnownFileType = sourcecode.swift; path = CustomAlertRouter.swift; sourceTree = "<group>"; };
		0B90D01825F54C6400EA8AB1 /* CharactersResponseData.swift */ = {isa = PBXFileReference; lastKnownFileType = sourcecode.swift; path = CharactersResponseData.swift; sourceTree = "<group>"; };
		0B90D01E25F54CCB00EA8AB1 /* CharactersData.swift */ = {isa = PBXFileReference; lastKnownFileType = sourcecode.swift; path = CharactersData.swift; sourceTree = "<group>"; };
		0B90D02325F54D8100EA8AB1 /* Character.swift */ = {isa = PBXFileReference; lastKnownFileType = sourcecode.swift; path = Character.swift; sourceTree = "<group>"; };
		0B90D02E25F55A6900EA8AB1 /* LoadingOverlay.swift */ = {isa = PBXFileReference; lastKnownFileType = sourcecode.swift; path = LoadingOverlay.swift; sourceTree = "<group>"; };
		0B90D03C25F566D900EA8AB1 /* CharacterDetailBuilder.swift */ = {isa = PBXFileReference; lastKnownFileType = sourcecode.swift; path = CharacterDetailBuilder.swift; sourceTree = "<group>"; };
		0B90D04125F5674000EA8AB1 /* CharacterDetailViewController.swift */ = {isa = PBXFileReference; lastKnownFileType = sourcecode.swift; path = CharacterDetailViewController.swift; sourceTree = "<group>"; };
		0B90D04625F5675600EA8AB1 /* CharacterDetailPresenter.swift */ = {isa = PBXFileReference; lastKnownFileType = sourcecode.swift; path = CharacterDetailPresenter.swift; sourceTree = "<group>"; };
		0B90D05725F569E300EA8AB1 /* CharacterDetailRouter.swift */ = {isa = PBXFileReference; lastKnownFileType = sourcecode.swift; path = CharacterDetailRouter.swift; sourceTree = "<group>"; };
		0B90D05C25F56BB900EA8AB1 /* TransitionFactory.swift */ = {isa = PBXFileReference; lastKnownFileType = sourcecode.swift; path = TransitionFactory.swift; sourceTree = "<group>"; };
		0B90D06125F56BE400EA8AB1 /* ModalTransition.swift */ = {isa = PBXFileReference; lastKnownFileType = sourcecode.swift; path = ModalTransition.swift; sourceTree = "<group>"; };
		0B90D06625F56C2500EA8AB1 /* PushTransition.swift */ = {isa = PBXFileReference; lastKnownFileType = sourcecode.swift; path = PushTransition.swift; sourceTree = "<group>"; };
		0B90D08725F6A0F800EA8AB1 /* CharacterCollectionViewCell.swift */ = {isa = PBXFileReference; lastKnownFileType = sourcecode.swift; path = CharacterCollectionViewCell.swift; sourceTree = "<group>"; };
		0B90D08825F6A0F800EA8AB1 /* CharacterCollectionViewCell.xib */ = {isa = PBXFileReference; lastKnownFileType = file.xib; path = CharacterCollectionViewCell.xib; sourceTree = "<group>"; };
		0B90D09725F762F400EA8AB1 /* Image.swift */ = {isa = PBXFileReference; lastKnownFileType = sourcecode.swift; path = Image.swift; sourceTree = "<group>"; };
		0B90D09F25F7847700EA8AB1 /* CharacterDetailRoute.swift */ = {isa = PBXFileReference; lastKnownFileType = sourcecode.swift; path = CharacterDetailRoute.swift; sourceTree = "<group>"; };
		0B90D0A525F78ECF00EA8AB1 /* UIViewControllerExtension.swift */ = {isa = PBXFileReference; lastKnownFileType = sourcecode.swift; path = UIViewControllerExtension.swift; sourceTree = "<group>"; };
		0B90D0AA25F7C8CF00EA8AB1 /* ItemList.swift */ = {isa = PBXFileReference; lastKnownFileType = sourcecode.swift; path = ItemList.swift; sourceTree = "<group>"; };
		0B90D0AF25F7C99400EA8AB1 /* ItemSummary.swift */ = {isa = PBXFileReference; lastKnownFileType = sourcecode.swift; path = ItemSummary.swift; sourceTree = "<group>"; };
		0B90D0BF25F7CCCA00EA8AB1 /* CharacterLinks.swift */ = {isa = PBXFileReference; lastKnownFileType = sourcecode.swift; path = CharacterLinks.swift; sourceTree = "<group>"; };
		0B90D0C825F7D7E100EA8AB1 /* ListItemTableViewCell.swift */ = {isa = PBXFileReference; lastKnownFileType = sourcecode.swift; path = ListItemTableViewCell.swift; sourceTree = "<group>"; };
		0B90D0C925F7D7E100EA8AB1 /* ListItemTableViewCell.xib */ = {isa = PBXFileReference; lastKnownFileType = file.xib; path = ListItemTableViewCell.xib; sourceTree = "<group>"; };
		48D022FA44A2E05C0E764B39 /* Pods-marvelheroes.release.xcconfig */ = {isa = PBXFileReference; includeInIndex = 1; lastKnownFileType = text.xcconfig; name = "Pods-marvelheroes.release.xcconfig"; path = "Target Support Files/Pods-marvelheroes/Pods-marvelheroes.release.xcconfig"; sourceTree = "<group>"; };
		8ABDDF57A69DB8B49474B8C9 /* Pods_marvelheroes.framework */ = {isa = PBXFileReference; explicitFileType = wrapper.framework; includeInIndex = 0; path = Pods_marvelheroes.framework; sourceTree = BUILT_PRODUCTS_DIR; };
		D7AABA76749A7398A7096143 /* Pods-marvelheroes.debug.xcconfig */ = {isa = PBXFileReference; includeInIndex = 1; lastKnownFileType = text.xcconfig; name = "Pods-marvelheroes.debug.xcconfig"; path = "Target Support Files/Pods-marvelheroes/Pods-marvelheroes.debug.xcconfig"; sourceTree = "<group>"; };
/* End PBXFileReference section */

/* Begin PBXFrameworksBuildPhase section */
		0B1642F525F4DED3001FCD85 /* Frameworks */ = {
			isa = PBXFrameworksBuildPhase;
			buildActionMask = 2147483647;
			files = (
				8D698D80294AF53EF86A0649 /* Pods_marvelheroes.framework in Frameworks */,
			);
			runOnlyForDeploymentPostprocessing = 0;
		};
		0B16430B25F4DED5001FCD85 /* Frameworks */ = {
			isa = PBXFrameworksBuildPhase;
			buildActionMask = 2147483647;
			files = (
			);
			runOnlyForDeploymentPostprocessing = 0;
		};
		0B16431625F4DED5001FCD85 /* Frameworks */ = {
			isa = PBXFrameworksBuildPhase;
			buildActionMask = 2147483647;
			files = (
			);
			runOnlyForDeploymentPostprocessing = 0;
		};
/* End PBXFrameworksBuildPhase section */

/* Begin PBXGroup section */
		08DD6B58871B4DAF693CB1C6 /* Pods */ = {
			isa = PBXGroup;
			children = (
				D7AABA76749A7398A7096143 /* Pods-marvelheroes.debug.xcconfig */,
				48D022FA44A2E05C0E764B39 /* Pods-marvelheroes.release.xcconfig */,
			);
			path = Pods;
			sourceTree = "<group>";
		};
		0B1642EF25F4DED3001FCD85 = {
			isa = PBXGroup;
			children = (
				0B1642FA25F4DED3001FCD85 /* marvelheroes */,
				0B16431125F4DED5001FCD85 /* marvelheroesTests */,
				0B16431C25F4DED5001FCD85 /* marvelheroesUITests */,
				0B1642F925F4DED3001FCD85 /* Products */,
				08DD6B58871B4DAF693CB1C6 /* Pods */,
				F7073467A3455A88721827BE /* Frameworks */,
			);
			sourceTree = "<group>";
		};
		0B1642F925F4DED3001FCD85 /* Products */ = {
			isa = PBXGroup;
			children = (
				0B1642F825F4DED3001FCD85 /* marvelheroes.app */,
				0B16430E25F4DED5001FCD85 /* marvelheroesTests.xctest */,
				0B16431925F4DED5001FCD85 /* marvelheroesUITests.xctest */,
			);
			name = Products;
			sourceTree = "<group>";
		};
		0B1642FA25F4DED3001FCD85 /* marvelheroes */ = {
			isa = PBXGroup;
			children = (
				0B1642FB25F4DED3001FCD85 /* AppDelegate.swift */,
				0B16434025F4EA92001FCD85 /* Modules */,
				0B16436625F4F11E001FCD85 /* Routing */,
				0B90D01D25F54CAC00EA8AB1 /* Model */,
				0B16439C25F502CB001FCD85 /* Communications */,
				0B16433F25F4EA70001FCD85 /* Storyboards */,
				0B1643AE25F52E8D001FCD85 /* Utils */,
				0B16430425F4DED4001FCD85 /* Assets.xcassets */,
				0B16430925F4DED4001FCD85 /* Info.plist */,
			);
			path = marvelheroes;
			sourceTree = "<group>";
		};
		0B16431125F4DED5001FCD85 /* marvelheroesTests */ = {
			isa = PBXGroup;
			children = (
				0B16431225F4DED5001FCD85 /* marvelheroesTests.swift */,
				0B16431425F4DED5001FCD85 /* Info.plist */,
			);
			path = marvelheroesTests;
			sourceTree = "<group>";
		};
		0B16431C25F4DED5001FCD85 /* marvelheroesUITests */ = {
			isa = PBXGroup;
			children = (
				0B16431D25F4DED5001FCD85 /* marvelheroesUITests.swift */,
				0B16431F25F4DED5001FCD85 /* Info.plist */,
			);
			path = marvelheroesUITests;
			sourceTree = "<group>";
		};
		0B16433F25F4EA70001FCD85 /* Storyboards */ = {
			isa = PBXGroup;
			children = (
				0B16437C25F4F625001FCD85 /* StoryboardHandler.swift */,
				0B16430625F4DED4001FCD85 /* LaunchScreen.storyboard */,
				0B16430125F4DED3001FCD85 /* Main.storyboard */,
			);
			path = Storyboards;
			sourceTree = "<group>";
		};
		0B16434025F4EA92001FCD85 /* Modules */ = {
			isa = PBXGroup;
			children = (
				0B2ECA4B25F7F7CB002EFA7F /* CustomAlert */,
				0B16438125F4F6BA001FCD85 /* Home */,
				0B90D03325F5665300EA8AB1 /* CharacterDetail */,
				0B16434125F4EAC0001FCD85 /* Common */,
			);
			path = Modules;
			sourceTree = "<group>";
		};
		0B16434125F4EAC0001FCD85 /* Common */ = {
			isa = PBXGroup;
			children = (
				0B1643A525F52E25001FCD85 /* DataManager */,
				0B16436025F4F0A3001FCD85 /* Controllers */,
				0B16434B25F4EB4C001FCD85 /* Protocols */,
				0B16434225F4EAD5001FCD85 /* Presenter */,
			);
			path = Common;
			sourceTree = "<group>";
		};
		0B16434225F4EAD5001FCD85 /* Presenter */ = {
			isa = PBXGroup;
			children = (
				0B16434325F4EAEC001FCD85 /* BasicPresenter.swift */,
			);
			path = Presenter;
			sourceTree = "<group>";
		};
		0B16434B25F4EB4C001FCD85 /* Protocols */ = {
			isa = PBXGroup;
			children = (
				0B16434C25F4EB7B001FCD85 /* BasicPresenterProtocol.swift */,
				0B16435125F4EBCC001FCD85 /* BasicViewProtocol.swift */,
				0B16435625F4EC9F001FCD85 /* BasicBuilderProtocol.swift */,
				0B16435B25F4F063001FCD85 /* BasicRouterProtocol.swift */,
				0B1643C025F52F77001FCD85 /* BasicServerProtocol.swift */,
			);
			path = Protocols;
			sourceTree = "<group>";
		};
		0B16436025F4F0A3001FCD85 /* Controllers */ = {
			isa = PBXGroup;
			children = (
				0B16436125F4F0B2001FCD85 /* BasicViewController.swift */,
			);
			path = Controllers;
			sourceTree = "<group>";
		};
		0B16436625F4F11E001FCD85 /* Routing */ = {
			isa = PBXGroup;
			children = (
				0B16437025F4F3A0001FCD85 /* Routes */,
				0B16436725F4F16A001FCD85 /* Transitions */,
			);
			path = Routing;
			sourceTree = "<group>";
		};
		0B16436725F4F16A001FCD85 /* Transitions */ = {
			isa = PBXGroup;
			children = (
				0B16436825F4F182001FCD85 /* Transition.swift */,
				0B90D05C25F56BB900EA8AB1 /* TransitionFactory.swift */,
				0B90D06125F56BE400EA8AB1 /* ModalTransition.swift */,
				0B90D06625F56C2500EA8AB1 /* PushTransition.swift */,
			);
			path = Transitions;
			sourceTree = "<group>";
		};
		0B16437025F4F3A0001FCD85 /* Routes */ = {
			isa = PBXGroup;
			children = (
				0B16437125F4F3B0001FCD85 /* BasicRouter.swift */,
				0B90D09F25F7847700EA8AB1 /* CharacterDetailRoute.swift */,
				0B2ECA4625F7F779002EFA7F /* CustomAlertRoute.swift */,
			);
			path = Routes;
			sourceTree = "<group>";
		};
		0B16438125F4F6BA001FCD85 /* Home */ = {
			isa = PBXGroup;
			children = (
				0B90D08625F6A0C800EA8AB1 /* Cells */,
				0B1643E025F541DF001FCD85 /* DataManager */,
				0B16438225F4F6FA001FCD85 /* HomeBuilder.swift */,
				0B16438A25F4F748001FCD85 /* HomeViewController.swift */,
				0B16439225F4F86B001FCD85 /* HomePresenter.swift */,
				0B16439725F4F8F1001FCD85 /* HomeRouter.swift */,
			);
			path = Home;
			sourceTree = "<group>";
		};
		0B16439C25F502CB001FCD85 /* Communications */ = {
			isa = PBXGroup;
			children = (
				0B16439D25F502E4001FCD85 /* ServerManager */,
			);
			path = Communications;
			sourceTree = "<group>";
		};
		0B16439D25F502E4001FCD85 /* ServerManager */ = {
			isa = PBXGroup;
			children = (
				0B1643CA25F5308B001FCD85 /* Responses */,
				0B16439E25F502FA001FCD85 /* ServerManager.swift */,
				0B1643C525F52FD4001FCD85 /* ServerManagerErrorHandler.swift */,
				0B1643EC25F5431A001FCD85 /* HeroesServerManager.swift */,
			);
			path = ServerManager;
			sourceTree = "<group>";
		};
		0B1643A525F52E25001FCD85 /* DataManager */ = {
			isa = PBXGroup;
			children = (
				0B1643B725F52F31001FCD85 /* Server */,
				0B1643A625F52E41001FCD85 /* BasicDataManager.swift */,
			);
			path = DataManager;
			sourceTree = "<group>";
		};
		0B1643AE25F52E8D001FCD85 /* Utils */ = {
			isa = PBXGroup;
			children = (
				0B90D0A425F78E7B00EA8AB1 /* Extensions */,
				0B1643AF25F52EA1001FCD85 /* Constants.swift */,
				0B1643DB25F53CF3001FCD85 /* MD5.swift */,
				0B90D02E25F55A6900EA8AB1 /* LoadingOverlay.swift */,
			);
			path = Utils;
			sourceTree = "<group>";
		};
		0B1643B725F52F31001FCD85 /* Server */ = {
			isa = PBXGroup;
			children = (
				0B1643B825F52F40001FCD85 /* BasicServer.swift */,
			);
			path = Server;
			sourceTree = "<group>";
		};
		0B1643CA25F5308B001FCD85 /* Responses */ = {
			isa = PBXGroup;
			children = (
				0B1643CB25F5309E001FCD85 /* BaseResponse.swift */,
				0B1643D325F530A8001FCD85 /* ResponseError.swift */,
				0B90D01825F54C6400EA8AB1 /* CharactersResponseData.swift */,
			);
			path = Responses;
			sourceTree = "<group>";
		};
		0B1643E025F541DF001FCD85 /* DataManager */ = {
			isa = PBXGroup;
			children = (
				0B1643E125F541F4001FCD85 /* HomeDataManager.swift */,
				0B1643E625F541FB001FCD85 /* Server */,
			);
			path = DataManager;
			sourceTree = "<group>";
		};
		0B1643E625F541FB001FCD85 /* Server */ = {
			isa = PBXGroup;
			children = (
				0B1643E725F5420A001FCD85 /* HomeServer.swift */,
			);
			path = Server;
			sourceTree = "<group>";
		};
		0B2ECA3B25F7EF07002EFA7F /* Views */ = {
			isa = PBXGroup;
			children = (
				0B2ECA3C25F7EF14002EFA7F /* MediaButton.swift */,
			);
			path = Views;
			sourceTree = "<group>";
		};
		0B2ECA4B25F7F7CB002EFA7F /* CustomAlert */ = {
			isa = PBXGroup;
			children = (
				0B2ECA4C25F7F7E8002EFA7F /* CustomAlertBuilder.swift */,
				0B2ECA5525F7F85E002EFA7F /* CustomAlertRouter.swift */,
			);
			path = CustomAlert;
			sourceTree = "<group>";
		};
		0B90D01D25F54CAC00EA8AB1 /* Model */ = {
			isa = PBXGroup;
			children = (
				0B90D01E25F54CCB00EA8AB1 /* CharactersData.swift */,
				0B90D02325F54D8100EA8AB1 /* Character.swift */,
				0B90D09725F762F400EA8AB1 /* Image.swift */,
				0B90D0AA25F7C8CF00EA8AB1 /* ItemList.swift */,
				0B90D0AF25F7C99400EA8AB1 /* ItemSummary.swift */,
				0B90D0BF25F7CCCA00EA8AB1 /* CharacterLinks.swift */,
			);
			path = Model;
			sourceTree = "<group>";
		};
		0B90D03325F5665300EA8AB1 /* CharacterDetail */ = {
			isa = PBXGroup;
			children = (
				0B2ECA3B25F7EF07002EFA7F /* Views */,
				0B90D0C725F7D7A400EA8AB1 /* Cells */,
				0B90D03C25F566D900EA8AB1 /* CharacterDetailBuilder.swift */,
				0B90D04125F5674000EA8AB1 /* CharacterDetailViewController.swift */,
				0B90D04625F5675600EA8AB1 /* CharacterDetailPresenter.swift */,
				0B90D05725F569E300EA8AB1 /* CharacterDetailRouter.swift */,
			);
			path = CharacterDetail;
			sourceTree = "<group>";
		};
		0B90D08625F6A0C800EA8AB1 /* Cells */ = {
			isa = PBXGroup;
			children = (
				0B90D08725F6A0F800EA8AB1 /* CharacterCollectionViewCell.swift */,
				0B90D08825F6A0F800EA8AB1 /* CharacterCollectionViewCell.xib */,
			);
			path = Cells;
			sourceTree = "<group>";
		};
		0B90D0A425F78E7B00EA8AB1 /* Extensions */ = {
			isa = PBXGroup;
			children = (
				0B90D0A525F78ECF00EA8AB1 /* UIViewControllerExtension.swift */,
				0B2ECA4125F7F292002EFA7F /* StackViewExtension.swift */,
			);
			path = Extensions;
			sourceTree = "<group>";
		};
		0B90D0C725F7D7A400EA8AB1 /* Cells */ = {
			isa = PBXGroup;
			children = (
				0B90D0C825F7D7E100EA8AB1 /* ListItemTableViewCell.swift */,
				0B90D0C925F7D7E100EA8AB1 /* ListItemTableViewCell.xib */,
				0B2ECA2D25F7D946002EFA7F /* CharacterImageTableViewCell.swift */,
				0B2ECA2E25F7D946002EFA7F /* CharacterImageTableViewCell.xib */,
				0B2ECA3425F7EA1B002EFA7F /* CharacterMediaTableViewCell.swift */,
				0B2ECA3525F7EA1B002EFA7F /* CharacterMediaTableViewCell.xib */,
			);
			path = Cells;
			sourceTree = "<group>";
		};
		F7073467A3455A88721827BE /* Frameworks */ = {
			isa = PBXGroup;
			children = (
				8ABDDF57A69DB8B49474B8C9 /* Pods_marvelheroes.framework */,
			);
			name = Frameworks;
			sourceTree = "<group>";
		};
/* End PBXGroup section */

/* Begin PBXNativeTarget section */
		0B1642F725F4DED3001FCD85 /* marvelheroes */ = {
			isa = PBXNativeTarget;
			buildConfigurationList = 0B16432225F4DED5001FCD85 /* Build configuration list for PBXNativeTarget "marvelheroes" */;
			buildPhases = (
				D4BEFB6D01D861D40D2E0E84 /* [CP] Check Pods Manifest.lock */,
				0B1642F425F4DED3001FCD85 /* Sources */,
				0B1642F525F4DED3001FCD85 /* Frameworks */,
				0B1642F625F4DED3001FCD85 /* Resources */,
				920B74C51563C22531FC4F5A /* [CP] Embed Pods Frameworks */,
			);
			buildRules = (
			);
			dependencies = (
			);
			name = marvelheroes;
			productName = marvelheroes;
			productReference = 0B1642F825F4DED3001FCD85 /* marvelheroes.app */;
			productType = "com.apple.product-type.application";
		};
		0B16430D25F4DED5001FCD85 /* marvelheroesTests */ = {
			isa = PBXNativeTarget;
			buildConfigurationList = 0B16432525F4DED5001FCD85 /* Build configuration list for PBXNativeTarget "marvelheroesTests" */;
			buildPhases = (
				0B16430A25F4DED5001FCD85 /* Sources */,
				0B16430B25F4DED5001FCD85 /* Frameworks */,
				0B16430C25F4DED5001FCD85 /* Resources */,
			);
			buildRules = (
			);
			dependencies = (
				0B16431025F4DED5001FCD85 /* PBXTargetDependency */,
			);
			name = marvelheroesTests;
			productName = marvelheroesTests;
			productReference = 0B16430E25F4DED5001FCD85 /* marvelheroesTests.xctest */;
			productType = "com.apple.product-type.bundle.unit-test";
		};
		0B16431825F4DED5001FCD85 /* marvelheroesUITests */ = {
			isa = PBXNativeTarget;
			buildConfigurationList = 0B16432825F4DED5001FCD85 /* Build configuration list for PBXNativeTarget "marvelheroesUITests" */;
			buildPhases = (
				0B16431525F4DED5001FCD85 /* Sources */,
				0B16431625F4DED5001FCD85 /* Frameworks */,
				0B16431725F4DED5001FCD85 /* Resources */,
			);
			buildRules = (
			);
			dependencies = (
				0B16431B25F4DED5001FCD85 /* PBXTargetDependency */,
			);
			name = marvelheroesUITests;
			productName = marvelheroesUITests;
			productReference = 0B16431925F4DED5001FCD85 /* marvelheroesUITests.xctest */;
			productType = "com.apple.product-type.bundle.ui-testing";
		};
/* End PBXNativeTarget section */

/* Begin PBXProject section */
		0B1642F025F4DED3001FCD85 /* Project object */ = {
			isa = PBXProject;
			attributes = {
				LastSwiftUpdateCheck = 1240;
				LastUpgradeCheck = 1240;
				TargetAttributes = {
					0B1642F725F4DED3001FCD85 = {
						CreatedOnToolsVersion = 12.4;
					};
					0B16430D25F4DED5001FCD85 = {
						CreatedOnToolsVersion = 12.4;
						TestTargetID = 0B1642F725F4DED3001FCD85;
					};
					0B16431825F4DED5001FCD85 = {
						CreatedOnToolsVersion = 12.4;
						TestTargetID = 0B1642F725F4DED3001FCD85;
					};
				};
			};
			buildConfigurationList = 0B1642F325F4DED3001FCD85 /* Build configuration list for PBXProject "marvelheroes" */;
			compatibilityVersion = "Xcode 9.3";
			developmentRegion = en;
			hasScannedForEncodings = 0;
			knownRegions = (
				en,
				Base,
			);
			mainGroup = 0B1642EF25F4DED3001FCD85;
			productRefGroup = 0B1642F925F4DED3001FCD85 /* Products */;
			projectDirPath = "";
			projectRoot = "";
			targets = (
				0B1642F725F4DED3001FCD85 /* marvelheroes */,
				0B16430D25F4DED5001FCD85 /* marvelheroesTests */,
				0B16431825F4DED5001FCD85 /* marvelheroesUITests */,
			);
		};
/* End PBXProject section */

/* Begin PBXResourcesBuildPhase section */
		0B1642F625F4DED3001FCD85 /* Resources */ = {
			isa = PBXResourcesBuildPhase;
			buildActionMask = 2147483647;
			files = (
				0B90D08A25F6A0F800EA8AB1 /* CharacterCollectionViewCell.xib in Resources */,
				0B2ECA3725F7EA1B002EFA7F /* CharacterMediaTableViewCell.xib in Resources */,
				0B16430825F4DED4001FCD85 /* LaunchScreen.storyboard in Resources */,
				0B90D0CB25F7D7E100EA8AB1 /* ListItemTableViewCell.xib in Resources */,
				0B2ECA3025F7D946002EFA7F /* CharacterImageTableViewCell.xib in Resources */,
				0B16430525F4DED4001FCD85 /* Assets.xcassets in Resources */,
				0B16430325F4DED3001FCD85 /* Main.storyboard in Resources */,
			);
			runOnlyForDeploymentPostprocessing = 0;
		};
		0B16430C25F4DED5001FCD85 /* Resources */ = {
			isa = PBXResourcesBuildPhase;
			buildActionMask = 2147483647;
			files = (
			);
			runOnlyForDeploymentPostprocessing = 0;
		};
		0B16431725F4DED5001FCD85 /* Resources */ = {
			isa = PBXResourcesBuildPhase;
			buildActionMask = 2147483647;
			files = (
			);
			runOnlyForDeploymentPostprocessing = 0;
		};
/* End PBXResourcesBuildPhase section */

/* Begin PBXShellScriptBuildPhase section */
		920B74C51563C22531FC4F5A /* [CP] Embed Pods Frameworks */ = {
			isa = PBXShellScriptBuildPhase;
			buildActionMask = 2147483647;
			files = (
			);
			inputFileListPaths = (
				"${PODS_ROOT}/Target Support Files/Pods-marvelheroes/Pods-marvelheroes-frameworks-${CONFIGURATION}-input-files.xcfilelist",
			);
			name = "[CP] Embed Pods Frameworks";
			outputFileListPaths = (
				"${PODS_ROOT}/Target Support Files/Pods-marvelheroes/Pods-marvelheroes-frameworks-${CONFIGURATION}-output-files.xcfilelist",
			);
			runOnlyForDeploymentPostprocessing = 0;
			shellPath = /bin/sh;
			shellScript = "\"${PODS_ROOT}/Target Support Files/Pods-marvelheroes/Pods-marvelheroes-frameworks.sh\"\n";
			showEnvVarsInLog = 0;
		};
		D4BEFB6D01D861D40D2E0E84 /* [CP] Check Pods Manifest.lock */ = {
			isa = PBXShellScriptBuildPhase;
			buildActionMask = 2147483647;
			files = (
			);
			inputFileListPaths = (
			);
			inputPaths = (
				"${PODS_PODFILE_DIR_PATH}/Podfile.lock",
				"${PODS_ROOT}/Manifest.lock",
			);
			name = "[CP] Check Pods Manifest.lock";
			outputFileListPaths = (
			);
			outputPaths = (
				"$(DERIVED_FILE_DIR)/Pods-marvelheroes-checkManifestLockResult.txt",
			);
			runOnlyForDeploymentPostprocessing = 0;
			shellPath = /bin/sh;
			shellScript = "diff \"${PODS_PODFILE_DIR_PATH}/Podfile.lock\" \"${PODS_ROOT}/Manifest.lock\" > /dev/null\nif [ $? != 0 ] ; then\n    # print error to STDERR\n    echo \"error: The sandbox is not in sync with the Podfile.lock. Run 'pod install' or update your CocoaPods installation.\" >&2\n    exit 1\nfi\n# This output is used by Xcode 'outputs' to avoid re-running this script phase.\necho \"SUCCESS\" > \"${SCRIPT_OUTPUT_FILE_0}\"\n";
			showEnvVarsInLog = 0;
		};
/* End PBXShellScriptBuildPhase section */

/* Begin PBXSourcesBuildPhase section */
		0B1642F425F4DED3001FCD85 /* Sources */ = {
			isa = PBXSourcesBuildPhase;
			buildActionMask = 2147483647;
			files = (
				0B90D06225F56BE400EA8AB1 /* ModalTransition.swift in Sources */,
				0B1643C125F52F77001FCD85 /* BasicServerProtocol.swift in Sources */,
				0B90D03D25F566D900EA8AB1 /* CharacterDetailBuilder.swift in Sources */,
				0B2ECA4D25F7F7E8002EFA7F /* CustomAlertBuilder.swift in Sources */,
				0B16438325F4F6FA001FCD85 /* HomeBuilder.swift in Sources */,
				0B90D0A625F78ECF00EA8AB1 /* UIViewControllerExtension.swift in Sources */,
				0B2ECA5625F7F85E002EFA7F /* CustomAlertRouter.swift in Sources */,
				0B1643B025F52EA1001FCD85 /* Constants.swift in Sources */,
				0B16436925F4F182001FCD85 /* Transition.swift in Sources */,
				0B90D01925F54C6400EA8AB1 /* CharactersResponseData.swift in Sources */,
				0B2ECA3D25F7EF14002EFA7F /* MediaButton.swift in Sources */,
				0B1643B925F52F40001FCD85 /* BasicServer.swift in Sources */,
				0B90D04225F5674000EA8AB1 /* CharacterDetailViewController.swift in Sources */,
				0B90D05D25F56BB900EA8AB1 /* TransitionFactory.swift in Sources */,
				0B90D0B025F7C99400EA8AB1 /* ItemSummary.swift in Sources */,
				0B90D06725F56C2500EA8AB1 /* PushTransition.swift in Sources */,
				0B1642FC25F4DED3001FCD85 /* AppDelegate.swift in Sources */,
				0B16435725F4EC9F001FCD85 /* BasicBuilderProtocol.swift in Sources */,
				0B16434425F4EAEC001FCD85 /* BasicPresenter.swift in Sources */,
				0B16435C25F4F063001FCD85 /* BasicRouterProtocol.swift in Sources */,
				0B1643E825F5420A001FCD85 /* HomeServer.swift in Sources */,
				0B16439325F4F86B001FCD85 /* HomePresenter.swift in Sources */,
				0B16437225F4F3B0001FCD85 /* BasicRouter.swift in Sources */,
				0B90D0AB25F7C8CF00EA8AB1 /* ItemList.swift in Sources */,
				0B1643ED25F5431A001FCD85 /* HeroesServerManager.swift in Sources */,
				0B90D09825F762F400EA8AB1 /* Image.swift in Sources */,
				0B1643A725F52E41001FCD85 /* BasicDataManager.swift in Sources */,
				0B90D01F25F54CCB00EA8AB1 /* CharactersData.swift in Sources */,
				0B1643C625F52FD4001FCD85 /* ServerManagerErrorHandler.swift in Sources */,
				0B16436225F4F0B2001FCD85 /* BasicViewController.swift in Sources */,
				0B16439825F4F8F1001FCD85 /* HomeRouter.swift in Sources */,
				0B1643DC25F53CF3001FCD85 /* MD5.swift in Sources */,
				0B16439F25F502FA001FCD85 /* ServerManager.swift in Sources */,
				0B90D02425F54D8100EA8AB1 /* Character.swift in Sources */,
				0B16437D25F4F625001FCD85 /* StoryboardHandler.swift in Sources */,
				0B90D02F25F55A6900EA8AB1 /* LoadingOverlay.swift in Sources */,
				0B2ECA2F25F7D946002EFA7F /* CharacterImageTableViewCell.swift in Sources */,
				0B90D0C025F7CCCA00EA8AB1 /* CharacterLinks.swift in Sources */,
				0B90D04725F5675600EA8AB1 /* CharacterDetailPresenter.swift in Sources */,
				0B90D0CA25F7D7E100EA8AB1 /* ListItemTableViewCell.swift in Sources */,
				0B90D08925F6A0F800EA8AB1 /* CharacterCollectionViewCell.swift in Sources */,
				0B16434D25F4EB7B001FCD85 /* BasicPresenterProtocol.swift in Sources */,
				0B1643CC25F5309E001FCD85 /* BaseResponse.swift in Sources */,
				0B2ECA4725F7F779002EFA7F /* CustomAlertRoute.swift in Sources */,
				0B2ECA3625F7EA1B002EFA7F /* CharacterMediaTableViewCell.swift in Sources */,
				0B1643D425F530A8001FCD85 /* ResponseError.swift in Sources */,
				0B16438B25F4F748001FCD85 /* HomeViewController.swift in Sources */,
				0B90D0A025F7847700EA8AB1 /* CharacterDetailRoute.swift in Sources */,
				0B1643E225F541F4001FCD85 /* HomeDataManager.swift in Sources */,
				0B16435225F4EBCC001FCD85 /* BasicViewProtocol.swift in Sources */,
				0B2ECA4225F7F292002EFA7F /* StackViewExtension.swift in Sources */,
				0B90D05825F569E300EA8AB1 /* CharacterDetailRouter.swift in Sources */,
			);
			runOnlyForDeploymentPostprocessing = 0;
		};
		0B16430A25F4DED5001FCD85 /* Sources */ = {
			isa = PBXSourcesBuildPhase;
			buildActionMask = 2147483647;
			files = (
				0B16431325F4DED5001FCD85 /* marvelheroesTests.swift in Sources */,
			);
			runOnlyForDeploymentPostprocessing = 0;
		};
		0B16431525F4DED5001FCD85 /* Sources */ = {
			isa = PBXSourcesBuildPhase;
			buildActionMask = 2147483647;
			files = (
				0B16431E25F4DED5001FCD85 /* marvelheroesUITests.swift in Sources */,
			);
			runOnlyForDeploymentPostprocessing = 0;
		};
/* End PBXSourcesBuildPhase section */

/* Begin PBXTargetDependency section */
		0B16431025F4DED5001FCD85 /* PBXTargetDependency */ = {
			isa = PBXTargetDependency;
			target = 0B1642F725F4DED3001FCD85 /* marvelheroes */;
			targetProxy = 0B16430F25F4DED5001FCD85 /* PBXContainerItemProxy */;
		};
		0B16431B25F4DED5001FCD85 /* PBXTargetDependency */ = {
			isa = PBXTargetDependency;
			target = 0B1642F725F4DED3001FCD85 /* marvelheroes */;
			targetProxy = 0B16431A25F4DED5001FCD85 /* PBXContainerItemProxy */;
		};
/* End PBXTargetDependency section */

/* Begin PBXVariantGroup section */
		0B16430125F4DED3001FCD85 /* Main.storyboard */ = {
			isa = PBXVariantGroup;
			children = (
				0B16430225F4DED3001FCD85 /* Base */,
			);
			name = Main.storyboard;
			sourceTree = "<group>";
		};
		0B16430625F4DED4001FCD85 /* LaunchScreen.storyboard */ = {
			isa = PBXVariantGroup;
			children = (
				0B16430725F4DED4001FCD85 /* Base */,
			);
			name = LaunchScreen.storyboard;
			sourceTree = "<group>";
		};
/* End PBXVariantGroup section */

/* Begin XCBuildConfiguration section */
		0B16432025F4DED5001FCD85 /* Debug */ = {
			isa = XCBuildConfiguration;
			buildSettings = {
				ALWAYS_SEARCH_USER_PATHS = NO;
				CLANG_ANALYZER_NONNULL = YES;
				CLANG_ANALYZER_NUMBER_OBJECT_CONVERSION = YES_AGGRESSIVE;
				CLANG_CXX_LANGUAGE_STANDARD = "gnu++14";
				CLANG_CXX_LIBRARY = "libc++";
				CLANG_ENABLE_MODULES = YES;
				CLANG_ENABLE_OBJC_ARC = YES;
				CLANG_ENABLE_OBJC_WEAK = YES;
				CLANG_WARN_BLOCK_CAPTURE_AUTORELEASING = YES;
				CLANG_WARN_BOOL_CONVERSION = YES;
				CLANG_WARN_COMMA = YES;
				CLANG_WARN_CONSTANT_CONVERSION = YES;
				CLANG_WARN_DEPRECATED_OBJC_IMPLEMENTATIONS = YES;
				CLANG_WARN_DIRECT_OBJC_ISA_USAGE = YES_ERROR;
				CLANG_WARN_DOCUMENTATION_COMMENTS = YES;
				CLANG_WARN_EMPTY_BODY = YES;
				CLANG_WARN_ENUM_CONVERSION = YES;
				CLANG_WARN_INFINITE_RECURSION = YES;
				CLANG_WARN_INT_CONVERSION = YES;
				CLANG_WARN_NON_LITERAL_NULL_CONVERSION = YES;
				CLANG_WARN_OBJC_IMPLICIT_RETAIN_SELF = YES;
				CLANG_WARN_OBJC_LITERAL_CONVERSION = YES;
				CLANG_WARN_OBJC_ROOT_CLASS = YES_ERROR;
				CLANG_WARN_QUOTED_INCLUDE_IN_FRAMEWORK_HEADER = YES;
				CLANG_WARN_RANGE_LOOP_ANALYSIS = YES;
				CLANG_WARN_STRICT_PROTOTYPES = YES;
				CLANG_WARN_SUSPICIOUS_MOVE = YES;
				CLANG_WARN_UNGUARDED_AVAILABILITY = YES_AGGRESSIVE;
				CLANG_WARN_UNREACHABLE_CODE = YES;
				CLANG_WARN__DUPLICATE_METHOD_MATCH = YES;
				COPY_PHASE_STRIP = NO;
				DEBUG_INFORMATION_FORMAT = dwarf;
				ENABLE_STRICT_OBJC_MSGSEND = YES;
				ENABLE_TESTABILITY = YES;
				GCC_C_LANGUAGE_STANDARD = gnu11;
				GCC_DYNAMIC_NO_PIC = NO;
				GCC_NO_COMMON_BLOCKS = YES;
				GCC_OPTIMIZATION_LEVEL = 0;
				GCC_PREPROCESSOR_DEFINITIONS = (
					"DEBUG=1",
					"$(inherited)",
				);
				GCC_WARN_64_TO_32_BIT_CONVERSION = YES;
				GCC_WARN_ABOUT_RETURN_TYPE = YES_ERROR;
				GCC_WARN_UNDECLARED_SELECTOR = YES;
				GCC_WARN_UNINITIALIZED_AUTOS = YES_AGGRESSIVE;
				GCC_WARN_UNUSED_FUNCTION = YES;
				GCC_WARN_UNUSED_VARIABLE = YES;
				IPHONEOS_DEPLOYMENT_TARGET = 14.4;
				MTL_ENABLE_DEBUG_INFO = INCLUDE_SOURCE;
				MTL_FAST_MATH = YES;
				ONLY_ACTIVE_ARCH = YES;
				SDKROOT = iphoneos;
				SWIFT_ACTIVE_COMPILATION_CONDITIONS = DEBUG;
				SWIFT_OPTIMIZATION_LEVEL = "-Onone";
			};
			name = Debug;
		};
		0B16432125F4DED5001FCD85 /* Release */ = {
			isa = XCBuildConfiguration;
			buildSettings = {
				ALWAYS_SEARCH_USER_PATHS = NO;
				CLANG_ANALYZER_NONNULL = YES;
				CLANG_ANALYZER_NUMBER_OBJECT_CONVERSION = YES_AGGRESSIVE;
				CLANG_CXX_LANGUAGE_STANDARD = "gnu++14";
				CLANG_CXX_LIBRARY = "libc++";
				CLANG_ENABLE_MODULES = YES;
				CLANG_ENABLE_OBJC_ARC = YES;
				CLANG_ENABLE_OBJC_WEAK = YES;
				CLANG_WARN_BLOCK_CAPTURE_AUTORELEASING = YES;
				CLANG_WARN_BOOL_CONVERSION = YES;
				CLANG_WARN_COMMA = YES;
				CLANG_WARN_CONSTANT_CONVERSION = YES;
				CLANG_WARN_DEPRECATED_OBJC_IMPLEMENTATIONS = YES;
				CLANG_WARN_DIRECT_OBJC_ISA_USAGE = YES_ERROR;
				CLANG_WARN_DOCUMENTATION_COMMENTS = YES;
				CLANG_WARN_EMPTY_BODY = YES;
				CLANG_WARN_ENUM_CONVERSION = YES;
				CLANG_WARN_INFINITE_RECURSION = YES;
				CLANG_WARN_INT_CONVERSION = YES;
				CLANG_WARN_NON_LITERAL_NULL_CONVERSION = YES;
				CLANG_WARN_OBJC_IMPLICIT_RETAIN_SELF = YES;
				CLANG_WARN_OBJC_LITERAL_CONVERSION = YES;
				CLANG_WARN_OBJC_ROOT_CLASS = YES_ERROR;
				CLANG_WARN_QUOTED_INCLUDE_IN_FRAMEWORK_HEADER = YES;
				CLANG_WARN_RANGE_LOOP_ANALYSIS = YES;
				CLANG_WARN_STRICT_PROTOTYPES = YES;
				CLANG_WARN_SUSPICIOUS_MOVE = YES;
				CLANG_WARN_UNGUARDED_AVAILABILITY = YES_AGGRESSIVE;
				CLANG_WARN_UNREACHABLE_CODE = YES;
				CLANG_WARN__DUPLICATE_METHOD_MATCH = YES;
				COPY_PHASE_STRIP = NO;
				DEBUG_INFORMATION_FORMAT = "dwarf-with-dsym";
				ENABLE_NS_ASSERTIONS = NO;
				ENABLE_STRICT_OBJC_MSGSEND = YES;
				GCC_C_LANGUAGE_STANDARD = gnu11;
				GCC_NO_COMMON_BLOCKS = YES;
				GCC_WARN_64_TO_32_BIT_CONVERSION = YES;
				GCC_WARN_ABOUT_RETURN_TYPE = YES_ERROR;
				GCC_WARN_UNDECLARED_SELECTOR = YES;
				GCC_WARN_UNINITIALIZED_AUTOS = YES_AGGRESSIVE;
				GCC_WARN_UNUSED_FUNCTION = YES;
				GCC_WARN_UNUSED_VARIABLE = YES;
				IPHONEOS_DEPLOYMENT_TARGET = 14.4;
				MTL_ENABLE_DEBUG_INFO = NO;
				MTL_FAST_MATH = YES;
				SDKROOT = iphoneos;
				SWIFT_COMPILATION_MODE = wholemodule;
				SWIFT_OPTIMIZATION_LEVEL = "-O";
				VALIDATE_PRODUCT = YES;
			};
			name = Release;
		};
		0B16432325F4DED5001FCD85 /* Debug */ = {
			isa = XCBuildConfiguration;
			baseConfigurationReference = D7AABA76749A7398A7096143 /* Pods-marvelheroes.debug.xcconfig */;
			buildSettings = {
				ASSETCATALOG_COMPILER_APPICON_NAME = AppIcon;
				ASSETCATALOG_COMPILER_GLOBAL_ACCENT_COLOR_NAME = AccentColor;
				CODE_SIGN_STYLE = Automatic;
				DEVELOPMENT_TEAM = 7TL5UYH78U;
				INFOPLIST_FILE = marvelheroes/Info.plist;
				LD_RUNPATH_SEARCH_PATHS = (
					"$(inherited)",
					"@executable_path/Frameworks",
				);
				PRODUCT_BUNDLE_IDENTIFIER = com.aescriba.marvelheroes;
				PRODUCT_NAME = "$(TARGET_NAME)";
				SWIFT_VERSION = 5.0;
				TARGETED_DEVICE_FAMILY = 1;
			};
			name = Debug;
		};
		0B16432425F4DED5001FCD85 /* Release */ = {
			isa = XCBuildConfiguration;
			baseConfigurationReference = 48D022FA44A2E05C0E764B39 /* Pods-marvelheroes.release.xcconfig */;
			buildSettings = {
				ASSETCATALOG_COMPILER_APPICON_NAME = AppIcon;
				ASSETCATALOG_COMPILER_GLOBAL_ACCENT_COLOR_NAME = AccentColor;
				CODE_SIGN_STYLE = Automatic;
				DEVELOPMENT_TEAM = 7TL5UYH78U;
				INFOPLIST_FILE = marvelheroes/Info.plist;
				LD_RUNPATH_SEARCH_PATHS = (
					"$(inherited)",
					"@executable_path/Frameworks",
				);
				PRODUCT_BUNDLE_IDENTIFIER = com.aescriba.marvelheroes;
				PRODUCT_NAME = "$(TARGET_NAME)";
				SWIFT_VERSION = 5.0;
				TARGETED_DEVICE_FAMILY = 1;
			};
			name = Release;
		};
		0B16432625F4DED5001FCD85 /* Debug */ = {
			isa = XCBuildConfiguration;
			buildSettings = {
				ALWAYS_EMBED_SWIFT_STANDARD_LIBRARIES = YES;
				BUNDLE_LOADER = "$(TEST_HOST)";
				CODE_SIGN_STYLE = Automatic;
				DEVELOPMENT_TEAM = 7TL5UYH78U;
				INFOPLIST_FILE = marvelheroesTests/Info.plist;
				IPHONEOS_DEPLOYMENT_TARGET = 14.4;
				LD_RUNPATH_SEARCH_PATHS = (
					"$(inherited)",
					"@executable_path/Frameworks",
					"@loader_path/Frameworks",
				);
				PRODUCT_BUNDLE_IDENTIFIER = com.aescriba.marvelheroesTests;
				PRODUCT_NAME = "$(TARGET_NAME)";
				SWIFT_VERSION = 5.0;
				TARGETED_DEVICE_FAMILY = "1,2";
				TEST_HOST = "$(BUILT_PRODUCTS_DIR)/marvelheroes.app/marvelheroes";
			};
			name = Debug;
		};
		0B16432725F4DED5001FCD85 /* Release */ = {
			isa = XCBuildConfiguration;
			buildSettings = {
				ALWAYS_EMBED_SWIFT_STANDARD_LIBRARIES = YES;
				BUNDLE_LOADER = "$(TEST_HOST)";
				CODE_SIGN_STYLE = Automatic;
				DEVELOPMENT_TEAM = 7TL5UYH78U;
				INFOPLIST_FILE = marvelheroesTests/Info.plist;
				IPHONEOS_DEPLOYMENT_TARGET = 14.4;
				LD_RUNPATH_SEARCH_PATHS = (
					"$(inherited)",
					"@executable_path/Frameworks",
					"@loader_path/Frameworks",
				);
				PRODUCT_BUNDLE_IDENTIFIER = com.aescriba.marvelheroesTests;
				PRODUCT_NAME = "$(TARGET_NAME)";
				SWIFT_VERSION = 5.0;
				TARGETED_DEVICE_FAMILY = "1,2";
				TEST_HOST = "$(BUILT_PRODUCTS_DIR)/marvelheroes.app/marvelheroes";
			};
			name = Release;
		};
		0B16432925F4DED5001FCD85 /* Debug */ = {
			isa = XCBuildConfiguration;
			buildSettings = {
				ALWAYS_EMBED_SWIFT_STANDARD_LIBRARIES = YES;
				CODE_SIGN_STYLE = Automatic;
				DEVELOPMENT_TEAM = 7TL5UYH78U;
				INFOPLIST_FILE = marvelheroesUITests/Info.plist;
				LD_RUNPATH_SEARCH_PATHS = (
					"$(inherited)",
					"@executable_path/Frameworks",
					"@loader_path/Frameworks",
				);
				PRODUCT_BUNDLE_IDENTIFIER = com.aescriba.marvelheroesUITests;
				PRODUCT_NAME = "$(TARGET_NAME)";
				SWIFT_VERSION = 5.0;
				TARGETED_DEVICE_FAMILY = "1,2";
				TEST_TARGET_NAME = marvelheroes;
			};
			name = Debug;
		};
		0B16432A25F4DED5001FCD85 /* Release */ = {
			isa = XCBuildConfiguration;
			buildSettings = {
				ALWAYS_EMBED_SWIFT_STANDARD_LIBRARIES = YES;
				CODE_SIGN_STYLE = Automatic;
				DEVELOPMENT_TEAM = 7TL5UYH78U;
				INFOPLIST_FILE = marvelheroesUITests/Info.plist;
				LD_RUNPATH_SEARCH_PATHS = (
					"$(inherited)",
					"@executable_path/Frameworks",
					"@loader_path/Frameworks",
				);
				PRODUCT_BUNDLE_IDENTIFIER = com.aescriba.marvelheroesUITests;
				PRODUCT_NAME = "$(TARGET_NAME)";
				SWIFT_VERSION = 5.0;
				TARGETED_DEVICE_FAMILY = "1,2";
				TEST_TARGET_NAME = marvelheroes;
			};
			name = Release;
		};
/* End XCBuildConfiguration section */

/* Begin XCConfigurationList section */
		0B1642F325F4DED3001FCD85 /* Build configuration list for PBXProject "marvelheroes" */ = {
			isa = XCConfigurationList;
			buildConfigurations = (
				0B16432025F4DED5001FCD85 /* Debug */,
				0B16432125F4DED5001FCD85 /* Release */,
			);
			defaultConfigurationIsVisible = 0;
			defaultConfigurationName = Release;
		};
		0B16432225F4DED5001FCD85 /* Build configuration list for PBXNativeTarget "marvelheroes" */ = {
			isa = XCConfigurationList;
			buildConfigurations = (
				0B16432325F4DED5001FCD85 /* Debug */,
				0B16432425F4DED5001FCD85 /* Release */,
			);
			defaultConfigurationIsVisible = 0;
			defaultConfigurationName = Release;
		};
		0B16432525F4DED5001FCD85 /* Build configuration list for PBXNativeTarget "marvelheroesTests" */ = {
			isa = XCConfigurationList;
			buildConfigurations = (
				0B16432625F4DED5001FCD85 /* Debug */,
				0B16432725F4DED5001FCD85 /* Release */,
			);
			defaultConfigurationIsVisible = 0;
			defaultConfigurationName = Release;
		};
		0B16432825F4DED5001FCD85 /* Build configuration list for PBXNativeTarget "marvelheroesUITests" */ = {
			isa = XCConfigurationList;
			buildConfigurations = (
				0B16432925F4DED5001FCD85 /* Debug */,
				0B16432A25F4DED5001FCD85 /* Release */,
			);
			defaultConfigurationIsVisible = 0;
			defaultConfigurationName = Release;
		};
/* End XCConfigurationList section */
	};
	rootObject = 0B1642F025F4DED3001FCD85 /* Project object */;
}
